
Microsoft Visual Studio Solution File, Format Version 12.00
# Visual Studio 2012
Project("{FAE04EC0-301F-11D3-BF4B-00C04F79EFBC}") = "TestAspWebApp", "TestAspWebApp\TestAspWebApp.csproj", "{3304A7A3-904D-4B2C-9543-1FE8AA1417C1}"
EndProject
Global
	GlobalSection(SolutionConfigurationPlatforms) = preSolution
		Debug|Any CPU = Debug|Any CPU
		Release|Any CPU = Release|Any CPU
	EndGlobalSection
	GlobalSection(ProjectConfigurationPlatforms) = postSolution
		{3304A7A3-904D-4B2C-9543-1FE8AA1417C1}.Debug|Any CPU.ActiveCfg = Debug|Any CPU
		{3304A7A3-904D-4B2C-9543-1FE8AA1417C1}.Debug|Any CPU.Build.0 = Debug|Any CPU
		{3304A7A3-904D-4B2C-9543-1FE8AA1417C1}.Release|Any CPU.ActiveCfg = Release|Any CPU
		{3304A7A3-904D-4B2C-9543-1FE8AA1417C1}.Release|Any CPU.Build.0 = Release|Any CPU
	EndGlobalSection
	GlobalSection(SolutionProperties) = preSolution
		HideSolutionNode = FALSE
	EndGlobalSection
EndGlobal
